// !$*UTF8*$!
{
	archiveVersion = 1;
	classes = {
	};
	objectVersion = 50;
	objects = {

/* Begin PBXBuildFile section */
		AD63DC8321ABBAA000AFE478 /* AppDelegate.swift in Sources */ = {isa = PBXBuildFile; fileRef = AD63DC8221ABBAA000AFE478 /* AppDelegate.swift */; };
		AD63DC8521ABBAA000AFE478 /* ViewController.swift in Sources */ = {isa = PBXBuildFile; fileRef = AD63DC8421ABBAA000AFE478 /* ViewController.swift */; };
		AD63DC8821ABBAA000AFE478 /* Main.storyboard in Resources */ = {isa = PBXBuildFile; fileRef = AD63DC8621ABBAA000AFE478 /* Main.storyboard */; };
		AD63DC8A21ABBAA200AFE478 /* Assets.xcassets in Resources */ = {isa = PBXBuildFile; fileRef = AD63DC8921ABBAA200AFE478 /* Assets.xcassets */; };
		AD63DC8D21ABBAA200AFE478 /* LaunchScreen.storyboard in Resources */ = {isa = PBXBuildFile; fileRef = AD63DC8B21ABBAA200AFE478 /* LaunchScreen.storyboard */; };
		AD63DC9821ABBAA200AFE478 /* AutolayoutThreeTests.swift in Sources */ = {isa = PBXBuildFile; fileRef = AD63DC9721ABBAA200AFE478 /* AutolayoutThreeTests.swift */; };
		AD63DCA321ABBAA200AFE478 /* AutolayoutThreeUITests.swift in Sources */ = {isa = PBXBuildFile; fileRef = AD63DCA221ABBAA200AFE478 /* AutolayoutThreeUITests.swift */; };
/* End PBXBuildFile section */

/* Begin PBXContainerItemProxy section */
		AD63DC9421ABBAA200AFE478 /* PBXContainerItemProxy */ = {
			isa = PBXContainerItemProxy;
			containerPortal = AD63DC7721ABBAA000AFE478 /* Project object */;
			proxyType = 1;
			remoteGlobalIDString = AD63DC7E21ABBAA000AFE478;
			remoteInfo = AutolayoutThree;
		};
		AD63DC9F21ABBAA200AFE478 /* PBXContainerItemProxy */ = {
			isa = PBXContainerItemProxy;
			containerPortal = AD63DC7721ABBAA000AFE478 /* Project object */;
			proxyType = 1;
			remoteGlobalIDString = AD63DC7E21ABBAA000AFE478;
			remoteInfo = AutolayoutThree;
		};
/* End PBXContainerItemProxy section */

/* Begin PBXFileReference section */
		AD63DC7F21ABBAA000AFE478 /* AutolayoutThree.app */ = {isa = PBXFileReference; explicitFileType = wrapper.application; includeInIndex = 0; path = AutolayoutThree.app; sourceTree = BUILT_PRODUCTS_DIR; };
		AD63DC8221ABBAA000AFE478 /* AppDelegate.swift */ = {isa = PBXFileReference; lastKnownFileType = sourcecode.swift; path = AppDelegate.swift; sourceTree = "<group>"; };
		AD63DC8421ABBAA000AFE478 /* ViewController.swift */ = {isa = PBXFileReference; lastKnownFileType = sourcecode.swift; path = ViewController.swift; sourceTree = "<group>"; };
		AD63DC8721ABBAA000AFE478 /* Base */ = {isa = PBXFileReference; lastKnownFileType = file.storyboard; name = Base; path = Base.lproj/Main.storyboard; sourceTree = "<group>"; };
		AD63DC8921ABBAA200AFE478 /* Assets.xcassets */ = {isa = PBXFileReference; lastKnownFileType = folder.assetcatalog; path = Assets.xcassets; sourceTree = "<group>"; };
		AD63DC8C21ABBAA200AFE478 /* Base */ = {isa = PBXFileReference; lastKnownFileType = file.storyboard; name = Base; path = Base.lproj/LaunchScreen.storyboard; sourceTree = "<group>"; };
		AD63DC8E21ABBAA200AFE478 /* Info.plist */ = {isa = PBXFileReference; lastKnownFileType = text.plist.xml; path = Info.plist; sourceTree = "<group>"; };
		AD63DC9321ABBAA200AFE478 /* AutolayoutThreeTests.xctest */ = {isa = PBXFileReference; explicitFileType = wrapper.cfbundle; includeInIndex = 0; path = AutolayoutThreeTests.xctest; sourceTree = BUILT_PRODUCTS_DIR; };
		AD63DC9721ABBAA200AFE478 /* AutolayoutThreeTests.swift */ = {isa = PBXFileReference; lastKnownFileType = sourcecode.swift; path = AutolayoutThreeTests.swift; sourceTree = "<group>"; };
		AD63DC9921ABBAA200AFE478 /* Info.plist */ = {isa = PBXFileReference; lastKnownFileType = text.plist.xml; path = Info.plist; sourceTree = "<group>"; };
		AD63DC9E21ABBAA200AFE478 /* AutolayoutThreeUITests.xctest */ = {isa = PBXFileReference; explicitFileType = wrapper.cfbundle; includeInIndex = 0; path = AutolayoutThreeUITests.xctest; sourceTree = BUILT_PRODUCTS_DIR; };
		AD63DCA221ABBAA200AFE478 /* AutolayoutThreeUITests.swift */ = {isa = PBXFileReference; lastKnownFileType = sourcecode.swift; path = AutolayoutThreeUITests.swift; sourceTree = "<group>"; };
		AD63DCA421ABBAA200AFE478 /* Info.plist */ = {isa = PBXFileReference; lastKnownFileType = text.plist.xml; path = Info.plist; sourceTree = "<group>"; };
/* End PBXFileReference section */

/* Begin PBXFrameworksBuildPhase section */
		AD63DC7C21ABBAA000AFE478 /* Frameworks */ = {
			isa = PBXFrameworksBuildPhase;
			buildActionMask = 2147483647;
			files = (
			);
			runOnlyForDeploymentPostprocessing = 0;
		};
		AD63DC9021ABBAA200AFE478 /* Frameworks */ = {
			isa = PBXFrameworksBuildPhase;
			buildActionMask = 2147483647;
			files = (
			);
			runOnlyForDeploymentPostprocessing = 0;
		};
		AD63DC9B21ABBAA200AFE478 /* Frameworks */ = {
			isa = PBXFrameworksBuildPhase;
			buildActionMask = 2147483647;
			files = (
			);
			runOnlyForDeploymentPostprocessing = 0;
		};
/* End PBXFrameworksBuildPhase section */

/* Begin PBXGroup section */
		AD63DC7621ABBAA000AFE478 = {
			isa = PBXGroup;
			children = (
				AD63DC8121ABBAA000AFE478 /* AutolayoutThree */,
				AD63DC9621ABBAA200AFE478 /* AutolayoutThreeTests */,
				AD63DCA121ABBAA200AFE478 /* AutolayoutThreeUITests */,
				AD63DC8021ABBAA000AFE478 /* Products */,
			);
			sourceTree = "<group>";
		};
		AD63DC8021ABBAA000AFE478 /* Products */ = {
			isa = PBXGroup;
			children = (
				AD63DC7F21ABBAA000AFE478 /* AutolayoutThree.app */,
				AD63DC9321ABBAA200AFE478 /* AutolayoutThreeTests.xctest */,
				AD63DC9E21ABBAA200AFE478 /* AutolayoutThreeUITests.xctest */,
			);
			name = Products;
			sourceTree = "<group>";
		};
		AD63DC8121ABBAA000AFE478 /* AutolayoutThree */ = {
			isa = PBXGroup;
			children = (
				AD63DC8221ABBAA000AFE478 /* AppDelegate.swift */,
				AD63DC8421ABBAA000AFE478 /* ViewController.swift */,
				AD63DC8621ABBAA000AFE478 /* Main.storyboard */,
				AD63DC8921ABBAA200AFE478 /* Assets.xcassets */,
				AD63DC8B21ABBAA200AFE478 /* LaunchScreen.storyboard */,
				AD63DC8E21ABBAA200AFE478 /* Info.plist */,
			);
			path = AutolayoutThree;
			sourceTree = "<group>";
		};
		AD63DC9621ABBAA200AFE478 /* AutolayoutThreeTests */ = {
			isa = PBXGroup;
			children = (
				AD63DC9721ABBAA200AFE478 /* AutolayoutThreeTests.swift */,
				AD63DC9921ABBAA200AFE478 /* Info.plist */,
			);
			path = AutolayoutThreeTests;
			sourceTree = "<group>";
		};
		AD63DCA121ABBAA200AFE478 /* AutolayoutThreeUITests */ = {
			isa = PBXGroup;
			children = (
				AD63DCA221ABBAA200AFE478 /* AutolayoutThreeUITests.swift */,
				AD63DCA421ABBAA200AFE478 /* Info.plist */,
			);
			path = AutolayoutThreeUITests;
			sourceTree = "<group>";
		};
/* End PBXGroup section */

/* Begin PBXNativeTarget section */
		AD63DC7E21ABBAA000AFE478 /* AutolayoutThree */ = {
			isa = PBXNativeTarget;
			buildConfigurationList = AD63DCA721ABBAA200AFE478 /* Build configuration list for PBXNativeTarget "AutolayoutThree" */;
			buildPhases = (
				AD63DC7B21ABBAA000AFE478 /* Sources */,
				AD63DC7C21ABBAA000AFE478 /* Frameworks */,
				AD63DC7D21ABBAA000AFE478 /* Resources */,
			);
			buildRules = (
			);
			dependencies = (
			);
			name = AutolayoutThree;
			productName = AutolayoutThree;
			productReference = AD63DC7F21ABBAA000AFE478 /* AutolayoutThree.app */;
			productType = "com.apple.product-type.application";
		};
		AD63DC9221ABBAA200AFE478 /* AutolayoutThreeTests */ = {
			isa = PBXNativeTarget;
			buildConfigurationList = AD63DCAA21ABBAA200AFE478 /* Build configuration list for PBXNativeTarget "AutolayoutThreeTests" */;
			buildPhases = (
				AD63DC8F21ABBAA200AFE478 /* Sources */,
				AD63DC9021ABBAA200AFE478 /* Frameworks */,
				AD63DC9121ABBAA200AFE478 /* Resources */,
			);
			buildRules = (
			);
			dependencies = (
				AD63DC9521ABBAA200AFE478 /* PBXTargetDependency */,
			);
			name = AutolayoutThreeTests;
			productName = AutolayoutThreeTests;
			productReference = AD63DC9321ABBAA200AFE478 /* AutolayoutThreeTests.xctest */;
			productType = "com.apple.product-type.bundle.unit-test";
		};
		AD63DC9D21ABBAA200AFE478 /* AutolayoutThreeUITests */ = {
			isa = PBXNativeTarget;
			buildConfigurationList = AD63DCAD21ABBAA200AFE478 /* Build configuration list for PBXNativeTarget "AutolayoutThreeUITests" */;
			buildPhases = (
				AD63DC9A21ABBAA200AFE478 /* Sources */,
				AD63DC9B21ABBAA200AFE478 /* Frameworks */,
				AD63DC9C21ABBAA200AFE478 /* Resources */,
			);
			buildRules = (
			);
			dependencies = (
				AD63DCA021ABBAA200AFE478 /* PBXTargetDependency */,
			);
			name = AutolayoutThreeUITests;
			productName = AutolayoutThreeUITests;
			productReference = AD63DC9E21ABBAA200AFE478 /* AutolayoutThreeUITests.xctest */;
			productType = "com.apple.product-type.bundle.ui-testing";
		};
/* End PBXNativeTarget section */

/* Begin PBXProject section */
		AD63DC7721ABBAA000AFE478 /* Project object */ = {
			isa = PBXProject;
			attributes = {
				LastSwiftUpdateCheck = 1010;
				LastUpgradeCheck = 1010;
				ORGANIZATIONNAME = "Xiaoqi Wei";
				TargetAttributes = {
					AD63DC7E21ABBAA000AFE478 = {
						CreatedOnToolsVersion = 10.1;
					};
					AD63DC9221ABBAA200AFE478 = {
						CreatedOnToolsVersion = 10.1;
						TestTargetID = AD63DC7E21ABBAA000AFE478;
					};
					AD63DC9D21ABBAA200AFE478 = {
						CreatedOnToolsVersion = 10.1;
						TestTargetID = AD63DC7E21ABBAA000AFE478;
					};
				};
			};
			buildConfigurationList = AD63DC7A21ABBAA000AFE478 /* Build configuration list for PBXProject "AutolayoutThree" */;
			compatibilityVersion = "Xcode 9.3";
			developmentRegion = en;
			hasScannedForEncodings = 0;
			knownRegions = (
				en,
				Base,
			);
			mainGroup = AD63DC7621ABBAA000AFE478;
			productRefGroup = AD63DC8021ABBAA000AFE478 /* Products */;
			projectDirPath = "";
			projectRoot = "";
			targets = (
				AD63DC7E21ABBAA000AFE478 /* AutolayoutThree */,
				AD63DC9221ABBAA200AFE478 /* AutolayoutThreeTests */,
				AD63DC9D21ABBAA200AFE478 /* AutolayoutThreeUITests */,
			);
		};
/* End PBXProject section */

/* Begin PBXResourcesBuildPhase section */
		AD63DC7D21ABBAA000AFE478 /* Resources */ = {
			isa = PBXResourcesBuildPhase;
			buildActionMask = 2147483647;
			files = (
				AD63DC8D21ABBAA200AFE478 /* LaunchScreen.storyboard in Resources */,
				AD63DC8A21ABBAA200AFE478 /* Assets.xcassets in Resources */,
				AD63DC8821ABBAA000AFE478 /* Main.storyboard in Resources */,
			);
			runOnlyForDeploymentPostprocessing = 0;
		};
		AD63DC9121ABBAA200AFE478 /* Resources */ = {
			isa = PBXResourcesBuildPhase;
			buildActionMask = 2147483647;
			files = (
			);
			runOnlyForDeploymentPostprocessing = 0;
		};
		AD63DC9C21ABBAA200AFE478 /* Resources */ = {
			isa = PBXResourcesBuildPhase;
			buildActionMask = 2147483647;
			files = (
			);
			runOnlyForDeploymentPostprocessing = 0;
		};
/* End PBXResourcesBuildPhase section */

/* Begin PBXSourcesBuildPhase section */
		AD63DC7B21ABBAA000AFE478 /* Sources */ = {
			isa = PBXSourcesBuildPhase;
			buildActionMask = 2147483647;
			files = (
				AD63DC8521ABBAA000AFE478 /* ViewController.swift in Sources */,
				AD63DC8321ABBAA000AFE478 /* AppDelegate.swift in Sources */,
			);
			runOnlyForDeploymentPostprocessing = 0;
		};
		AD63DC8F21ABBAA200AFE478 /* Sources */ = {
			isa = PBXSourcesBuildPhase;
			buildActionMask = 2147483647;
			files = (
				AD63DC9821ABBAA200AFE478 /* AutolayoutThreeTests.swift in Sources */,
			);
			runOnlyForDeploymentPostprocessing = 0;
		};
		AD63DC9A21ABBAA200AFE478 /* Sources */ = {
			isa = PBXSourcesBuildPhase;
			buildActionMask = 2147483647;
			files = (
				AD63DCA321ABBAA200AFE478 /* AutolayoutThreeUITests.swift in Sources */,
			);
			runOnlyForDeploymentPostprocessing = 0;
		};
/* End PBXSourcesBuildPhase section */

/* Begin PBXTargetDependency section */
		AD63DC9521ABBAA200AFE478 /* PBXTargetDependency */ = {
			isa = PBXTargetDependency;
			target = AD63DC7E21ABBAA000AFE478 /* AutolayoutThree */;
			targetProxy = AD63DC9421ABBAA200AFE478 /* PBXContainerItemProxy */;
		};
		AD63DCA021ABBAA200AFE478 /* PBXTargetDependency */ = {
			isa = PBXTargetDependency;
			target = AD63DC7E21ABBAA000AFE478 /* AutolayoutThree */;
			targetProxy = AD63DC9F21ABBAA200AFE478 /* PBXContainerItemProxy */;
		};
/* End PBXTargetDependency section */

/* Begin PBXVariantGroup section */
		AD63DC8621ABBAA000AFE478 /* Main.storyboard */ = {
			isa = PBXVariantGroup;
			children = (
				AD63DC8721ABBAA000AFE478 /* Base */,
			);
			name = Main.storyboard;
			sourceTree = "<group>";
		};
		AD63DC8B21ABBAA200AFE478 /* LaunchScreen.storyboard */ = {
			isa = PBXVariantGroup;
			children = (
				AD63DC8C21ABBAA200AFE478 /* Base */,
			);
			name = LaunchScreen.storyboard;
			sourceTree = "<group>";
		};
/* End PBXVariantGroup section */

/* Begin XCBuildConfiguration section */
		AD63DCA521ABBAA200AFE478 /* Debug */ = {
			isa = XCBuildConfiguration;
			buildSettings = {
				ALWAYS_SEARCH_USER_PATHS = NO;
				CLANG_ANALYZER_NONNULL = YES;
				CLANG_ANALYZER_NUMBER_OBJECT_CONVERSION = YES_AGGRESSIVE;
				CLANG_CXX_LANGUAGE_STANDARD = "gnu++14";
				CLANG_CXX_LIBRARY = "libc++";
				CLANG_ENABLE_MODULES = YES;
				CLANG_ENABLE_OBJC_ARC = YES;
				CLANG_ENABLE_OBJC_WEAK = YES;
				CLANG_WARN_BLOCK_CAPTURE_AUTORELEASING = YES;
				CLANG_WARN_BOOL_CONVERSION = YES;
				CLANG_WARN_COMMA = YES;
				CLANG_WARN_CONSTANT_CONVERSION = YES;
				CLANG_WARN_DEPRECATED_OBJC_IMPLEMENTATIONS = YES;
				CLANG_WARN_DIRECT_OBJC_ISA_USAGE = YES_ERROR;
				CLANG_WARN_DOCUMENTATION_COMMENTS = YES;
				CLANG_WARN_EMPTY_BODY = YES;
				CLANG_WARN_ENUM_CONVERSION = YES;
				CLANG_WARN_INFINITE_RECURSION = YES;
				CLANG_WARN_INT_CONVERSION = YES;
				CLANG_WARN_NON_LITERAL_NULL_CONVERSION = YES;
				CLANG_WARN_OBJC_IMPLICIT_RETAIN_SELF = YES;
				CLANG_WARN_OBJC_LITERAL_CONVERSION = YES;
				CLANG_WARN_OBJC_ROOT_CLASS = YES_ERROR;
				CLANG_WARN_RANGE_LOOP_ANALYSIS = YES;
				CLANG_WARN_STRICT_PROTOTYPES = YES;
				CLANG_WARN_SUSPICIOUS_MOVE = YES;
				CLANG_WARN_UNGUARDED_AVAILABILITY = YES_AGGRESSIVE;
				CLANG_WARN_UNREACHABLE_CODE = YES;
				CLANG_WARN__DUPLICATE_METHOD_MATCH = YES;
				CODE_SIGN_IDENTITY = "iPhone Developer";
				COPY_PHASE_STRIP = NO;
				DEBUG_INFORMATION_FORMAT = dwarf;
				ENABLE_STRICT_OBJC_MSGSEND = YES;
				ENABLE_TESTABILITY = YES;
				GCC_C_LANGUAGE_STANDARD = gnu11;
				GCC_DYNAMIC_NO_PIC = NO;
				GCC_NO_COMMON_BLOCKS = YES;
				GCC_OPTIMIZATION_LEVEL = 0;
				GCC_PREPROCESSOR_DEFINITIONS = (
					"DEBUG=1",
					"$(inherited)",
				);
				GCC_WARN_64_TO_32_BIT_CONVERSION = YES;
				GCC_WARN_ABOUT_RETURN_TYPE = YES_ERROR;
				GCC_WARN_UNDECLARED_SELECTOR = YES;
				GCC_WARN_UNINITIALIZED_AUTOS = YES_AGGRESSIVE;
				GCC_WARN_UNUSED_FUNCTION = YES;
				GCC_WARN_UNUSED_VARIABLE = YES;
				IPHONEOS_DEPLOYMENT_TARGET = 12.1;
				MTL_ENABLE_DEBUG_INFO = INCLUDE_SOURCE;
				MTL_FAST_MATH = YES;
				ONLY_ACTIVE_ARCH = YES;
				SDKROOT = iphoneos;
				SWIFT_ACTIVE_COMPILATION_CONDITIONS = DEBUG;
				SWIFT_OPTIMIZATION_LEVEL = "-Onone";
			};
			name = Debug;
		};
		AD63DCA621ABBAA200AFE478 /* Release */ = {
			isa = XCBuildConfiguration;
			buildSettings = {
				ALWAYS_SEARCH_USER_PATHS = NO;
				CLANG_ANALYZER_NONNULL = YES;
				CLANG_ANALYZER_NUMBER_OBJECT_CONVERSION = YES_AGGRESSIVE;
				CLANG_CXX_LANGUAGE_STANDARD = "gnu++14";
				CLANG_CXX_LIBRARY = "libc++";
				CLANG_ENABLE_MODULES = YES;
				CLANG_ENABLE_OBJC_ARC = YES;
				CLANG_ENABLE_OBJC_WEAK = YES;
				CLANG_WARN_BLOCK_CAPTURE_AUTORELEASING = YES;
				CLANG_WARN_BOOL_CONVERSION = YES;
				CLANG_WARN_COMMA = YES;
				CLANG_WARN_CONSTANT_CONVERSION = YES;
				CLANG_WARN_DEPRECATED_OBJC_IMPLEMENTATIONS = YES;
				CLANG_WARN_DIRECT_OBJC_ISA_USAGE = YES_ERROR;
				CLANG_WARN_DOCUMENTATION_COMMENTS = YES;
				CLANG_WARN_EMPTY_BODY = YES;
				CLANG_WARN_ENUM_CONVERSION = YES;
				CLANG_WARN_INFINITE_RECURSION = YES;
				CLANG_WARN_INT_CONVERSION = YES;
				CLANG_WARN_NON_LITERAL_NULL_CONVERSION = YES;
				CLANG_WARN_OBJC_IMPLICIT_RETAIN_SELF = YES;
				CLANG_WARN_OBJC_LITERAL_CONVERSION = YES;
				CLANG_WARN_OBJC_ROOT_CLASS = YES_ERROR;
				CLANG_WARN_RANGE_LOOP_ANALYSIS = YES;
				CLANG_WARN_STRICT_PROTOTYPES = YES;
				CLANG_WARN_SUSPICIOUS_MOVE = YES;
				CLANG_WARN_UNGUARDED_AVAILABILITY = YES_AGGRESSIVE;
				CLANG_WARN_UNREACHABLE_CODE = YES;
				CLANG_WARN__DUPLICATE_METHOD_MATCH = YES;
				CODE_SIGN_IDENTITY = "iPhone Developer";
				COPY_PHASE_STRIP = NO;
				DEBUG_INFORMATION_FORMAT = "dwarf-with-dsym";
				ENABLE_NS_ASSERTIONS = NO;
				ENABLE_STRICT_OBJC_MSGSEND = YES;
				GCC_C_LANGUAGE_STANDARD = gnu11;
				GCC_NO_COMMON_BLOCKS = YES;
				GCC_WARN_64_TO_32_BIT_CONVERSION = YES;
				GCC_WARN_ABOUT_RETURN_TYPE = YES_ERROR;
				GCC_WARN_UNDECLARED_SELECTOR = YES;
				GCC_WARN_UNINITIALIZED_AUTOS = YES_AGGRESSIVE;
				GCC_WARN_UNUSED_FUNCTION = YES;
				GCC_WARN_UNUSED_VARIABLE = YES;
				IPHONEOS_DEPLOYMENT_TARGET = 12.1;
				MTL_ENABLE_DEBUG_INFO = NO;
				MTL_FAST_MATH = YES;
				SDKROOT = iphoneos;
				SWIFT_COMPILATION_MODE = wholemodule;
				SWIFT_OPTIMIZATION_LEVEL = "-O";
				VALIDATE_PRODUCT = YES;
			};
			name = Release;
		};
		AD63DCA821ABBAA200AFE478 /* Debug */ = {
			isa = XCBuildConfiguration;
			buildSettings = {
				ASSETCATALOG_COMPILER_APPICON_NAME = AppIcon;
				CODE_SIGN_STYLE = Automatic;
				INFOPLIST_FILE = AutolayoutThree/Info.plist;
				LD_RUNPATH_SEARCH_PATHS = (
					"$(inherited)",
					"@executable_path/Frameworks",
				);
				PRODUCT_BUNDLE_IDENTIFIER = Xiaoqi.AutolayoutThree;
				PRODUCT_NAME = "$(TARGET_NAME)";
				SWIFT_VERSION = 4.2;
				TARGETED_DEVICE_FAMILY = "1,2";
			};
			name = Debug;
		};
		AD63DCA921ABBAA200AFE478 /* Release */ = {
			isa = XCBuildConfiguration;
			buildSettings = {
				ASSETCATALOG_COMPILER_APPICON_NAME = AppIcon;
				CODE_SIGN_STYLE = Automatic;
				INFOPLIST_FILE = AutolayoutThree/Info.plist;
				LD_RUNPATH_SEARCH_PATHS = (
					"$(inherited)",
					"@executable_path/Frameworks",
				);
				PRODUCT_BUNDLE_IDENTIFIER = Xiaoqi.AutolayoutThree;
				PRODUCT_NAME = "$(TARGET_NAME)";
				SWIFT_VERSION = 4.2;
				TARGETED_DEVICE_FAMILY = "1,2";
			};
			name = Release;
		};
		AD63DCAB21ABBAA200AFE478 /* Debug */ = {
			isa = XCBuildConfiguration;
			buildSettings = {
				ALWAYS_EMBED_SWIFT_STANDARD_LIBRARIES = YES;
				BUNDLE_LOADER = "$(TEST_HOST)";
				CODE_SIGN_STYLE = Automatic;
				INFOPLIST_FILE = AutolayoutThreeTests/Info.plist;
				LD_RUNPATH_SEARCH_PATHS = (
					"$(inherited)",
					"@executable_path/Frameworks",
					"@loader_path/Frameworks",
				);
				PRODUCT_BUNDLE_IDENTIFIER = Xiaoqi.AutolayoutThreeTests;
				PRODUCT_NAME = "$(TARGET_NAME)";
				SWIFT_VERSION = 4.2;
				TARGETED_DEVICE_FAMILY = "1,2";
				TEST_HOST = "$(BUILT_PRODUCTS_DIR)/AutolayoutThree.app/AutolayoutThree";
			};
			name = Debug;
		};
		AD63DCAC21ABBAA200AFE478 /* Release */ = {
			isa = XCBuildConfiguration;
			buildSettings = {
				ALWAYS_EMBED_SWIFT_STANDARD_LIBRARIES = YES;
				BUNDLE_LOADER = "$(TEST_HOST)";
				CODE_SIGN_STYLE = Automatic;
				INFOPLIST_FILE = AutolayoutThreeTests/Info.plist;
				LD_RUNPATH_SEARCH_PATHS = (
					"$(inherited)",
					"@executable_path/Frameworks",
					"@loader_path/Frameworks",
				);
				PRODUCT_BUNDLE_IDENTIFIER = Xiaoqi.AutolayoutThreeTests;
				PRODUCT_NAME = "$(TARGET_NAME)";
				SWIFT_VERSION = 4.2;
				TARGETED_DEVICE_FAMILY = "1,2";
				TEST_HOST = "$(BUILT_PRODUCTS_DIR)/AutolayoutThree.app/AutolayoutThree";
			};
			name = Release;
		};
		AD63DCAE21ABBAA200AFE478 /* Debug */ = {
			isa = XCBuildConfiguration;
			buildSettings = {
				ALWAYS_EMBED_SWIFT_STANDARD_LIBRARIES = YES;
				CODE_SIGN_STYLE = Automatic;
				INFOPLIST_FILE = AutolayoutThreeUITests/Info.plist;
				LD_RUNPATH_SEARCH_PATHS = (
					"$(inherited)",
					"@executable_path/Frameworks",
					"@loader_path/Frameworks",
				);
				PRODUCT_BUNDLE_IDENTIFIER = Xiaoqi.AutolayoutThreeUITests;
				PRODUCT_NAME = "$(TARGET_NAME)";
				SWIFT_VERSION = 4.2;
				TARGETED_DEVICE_FAMILY = "1,2";
				TEST_TARGET_NAME = AutolayoutThree;
			};
			name = Debug;
		};
		AD63DCAF21ABBAA200AFE478 /* Release */ = {
			isa = XCBuildConfiguration;
			buildSettings = {
				ALWAYS_EMBED_SWIFT_STANDARD_LIBRARIES = YES;
				CODE_SIGN_STYLE = Automatic;
				INFOPLIST_FILE = AutolayoutThreeUITests/Info.plist;
				LD_RUNPATH_SEARCH_PATHS = (
					"$(inherited)",
					"@executable_path/Frameworks",
					"@loader_path/Frameworks",
				);
				PRODUCT_BUNDLE_IDENTIFIER = Xiaoqi.AutolayoutThreeUITests;
				PRODUCT_NAME = "$(TARGET_NAME)";
				SWIFT_VERSION = 4.2;
				TARGETED_DEVICE_FAMILY = "1,2";
				TEST_TARGET_NAME = AutolayoutThree;
			};
			name = Release;
		};
/* End XCBuildConfiguration section */

/* Begin XCConfigurationList section */
		AD63DC7A21ABBAA000AFE478 /* Build configuration list for PBXProject "AutolayoutThree" */ = {
			isa = XCConfigurationList;
			buildConfigurations = (
				AD63DCA521ABBAA200AFE478 /* Debug */,
				AD63DCA621ABBAA200AFE478 /* Release */,
			);
			defaultConfigurationIsVisible = 0;
			defaultConfigurationName = Release;
		};
		AD63DCA721ABBAA200AFE478 /* Build configuration list for PBXNativeTarget "AutolayoutThree" */ = {
			isa = XCConfigurationList;
			buildConfigurations = (
				AD63DCA821ABBAA200AFE478 /* Debug */,
				AD63DCA921ABBAA200AFE478 /* Release */,
			);
			defaultConfigurationIsVisible = 0;
			defaultConfigurationName = Release;
		};
		AD63DCAA21ABBAA200AFE478 /* Build configuration list for PBXNativeTarget "AutolayoutThreeTests" */ = {
			isa = XCConfigurationList;
			buildConfigurations = (
				AD63DCAB21ABBAA200AFE478 /* Debug */,
				AD63DCAC21ABBAA200AFE478 /* Release */,
			);
			defaultConfigurationIsVisible = 0;
			defaultConfigurationName = Release;
		};
		AD63DCAD21ABBAA200AFE478 /* Build configuration list for PBXNativeTarget "AutolayoutThreeUITests" */ = {
			isa = XCConfigurationList;
			buildConfigurations = (
				AD63DCAE21ABBAA200AFE478 /* Debug */,
				AD63DCAF21ABBAA200AFE478 /* Release */,
			);
			defaultConfigurationIsVisible = 0;
			defaultConfigurationName = Release;
		};
/* End XCConfigurationList section */
	};
	rootObject = AD63DC7721ABBAA000AFE478 /* Project object */;
}
